# THIS IS AN AUTOGENERATED FILE. DO NOT EDIT THIS FILE DIRECTLY.
# yarn lockfile v1


domino@^2.1.6:
  version "2.1.6"
  resolved "https://registry.yarnpkg.com/domino/-/domino-2.1.6.tgz#fe4ace4310526e5e7b9d12c7de01b7f485a57ffe"
  integrity sha512-3VdM/SXBZX2omc9JF9nOPCtDaYQ67BGp5CoLpIQlO2KCAPETs8TcDHacF26jXadGbvUteZzRTeos2fhID5+ucQ==

html-entities@^2.3.3:
  version "2.3.3"
  resolved "https://registry.yarnpkg.com/html-entities/-/html-entities-2.3.3.tgz#117d7626bece327fc8baace8868fa6f5ef856e46"
  integrity sha512-DV5Ln36z34NNTDgnz0EWGBLZENelNAtkiFA4kyNOG2tDI6Mz1uSWiq1wAKdyjnJwyDiDO7Fa2SO1CTxPXL8VxA==

lodash.clonedeep@^4.5.0:
  version "4.5.0"
  resolved "https://registry.yarnpkg.com/lodash.clonedeep/-/lodash.clonedeep-4.5.0.tgz#e23f3f9c4f8fbdde872529c1071857a086e5ccef"
  integrity sha512-H5ZhCF25riFd9uB5UCkVKo61m3S/xZk1x4wA6yp/L3RFP6Z/eHH1ymQcGLo7J3GMPfm0V/7m1tryHuGVxpqEBQ==

lodash.isplainobject@^4.0.6:
  version "4.0.6"
  resolved "https://registry.yarnpkg.com/lodash.isplainobject/-/lodash.isplainobject-4.0.6.tgz#7c526a52d89b45c45cc690b88163be0497f550cb"
  integrity sha512-oSXzaWypCMHkPC3NvBEaPHf0KsA5mvPrOPgQWDsbg8n7orZ290M0BmC/jgRZ4vcJ6DTAhjrsSYgdsW/F+MFOBA==

lodash.trim@^4.5.1:
  version "4.5.1"
  resolved "https://registry.yarnpkg.com/lodash.trim/-/lodash.trim-4.5.1.tgz#36425e7ee90be4aa5e27bcebb85b7d11ea47aa57"
  integrity sha512-nJAlRl/K+eiOehWKDzoBVrSMhK0K3A3YQsUNXHQa5yIrKBAhsZgSu3KoAFoFT+mEgiyBHddZ0pRk1ITpIp90Wg==

lodash.without@^4.4.0:
  version "4.4.0"
  resolved "https://registry.yarnpkg.com/lodash.without/-/lodash.without-4.4.0.tgz#3cd4574a00b67bae373a94b748772640507b7aac"
  integrity sha512-M3MefBwfDhgKgINVuBJCO1YR3+gf6s9HNJsIiZ/Ru77Ws6uTb9eBuvrkpzO+9iLoAaRodGuq7tyrPCx+74QYGQ==

ranges-apply@^6.2.2:
  version "6.2.2"
  resolved "https://registry.yarnpkg.com/ranges-apply/-/ranges-apply-6.2.2.tgz#c0b82774829e8fcd23af22f7e8a3db055aced63a"
  integrity sha512-ISCJw52YLx9m3EjhqlXwVc4pgwSUuMwWkzuYw8WqSExgYHu3ZA/oO6qh3RpPo2E91LiFdmQNF1fEuQUhDISfeQ==
  dependencies:
    ranges-merge "^8.2.2"
    tiny-invariant "^1.2.0"

ranges-merge@^8.2.2:
  version "8.2.2"
  resolved "https://registry.yarnpkg.com/ranges-merge/-/ranges-merge-8.2.2.tgz#96f15e22ac4a60830e09382e270a794b1d9cc1ca"
  integrity sha512-r/+zro+tukevOznmjflo68efwk931rY0FQFVzZjgI5DRA7pT0H+/qM6a0lx++TY/eHICfhlQ/56oGBSbx/8pRA==
  dependencies:
    ranges-push "^6.2.2"
    ranges-sort "^5.1.1"

ranges-push@^6.2.2:
  version "6.2.2"
  resolved "https://registry.yarnpkg.com/ranges-push/-/ranges-push-6.2.2.tgz#c3ecc34f1cb3255973a9e48bd274a06d797e6c70"
  integrity sha512-cFDwZgQMW3SI7bDzl0cpGy9T997/d3VIyxDYZUVlYfY0z7GWqd3Lg4DAiFRnkOHDbAT94jlZVfyJ0HX+sKWnGw==
  dependencies:
    string-collapse-leading-whitespace "^6.1.2"
    string-trim-spaces-only "^4.1.1"

ranges-sort@^5.1.1:
  version "5.1.1"
  resolved "https://registry.yarnpkg.com/ranges-sort/-/ranges-sort-5.1.1.tgz#a09c3b3394c7c687a64be97c2c84c6fd1a0e4533"
  integrity sha512-xFK3wqdolNvZAwotY1m3CzvaWfYpA7ddOXnhuo2pYTNLXDIgW5oF9mnntCvgcmhGsISN6T7XiCJIR/UZVasZ+Q==

sax@>=0.6.0:
  version "1.2.4"
  resolved "https://registry.yarnpkg.com/sax/-/sax-1.2.4.tgz#2816234e2378bddc4e5354fab5caa895df7100d9"
  integrity sha512-NqVDv9TpANUjFm0N8uM5GxL36UgKi9/atZw+x7YFnQ8ckwFGKrl4xX4yWtrey3UJm5nP1kUbnYgLopqWNSRhWw==

string-collapse-leading-whitespace@^6.1.2:
  version "6.1.2"
  resolved "https://registry.yarnpkg.com/string-collapse-leading-whitespace/-/string-collapse-leading-whitespace-6.1.2.tgz#9f0e335fec751b68a7a8bdd53495d3177a02f718"
  integrity sha512-U8QOn9GXAVoERri4K7vqt7D8W6Lijmtsnn+clXLlxJWlA38MVDUjT4dbtR0Qw7FwfmJ6ixpRFC68nMUvstf7gA==

string-left-right@^5.1.2:
  version "5.1.2"
  resolved "https://registry.yarnpkg.com/string-left-right/-/string-left-right-5.1.2.tgz#b67ee2e3a451c2cde9959bbad68d97b18431d8cf"
  integrity sha512-KbrADvIlY+K2VWW8tnTnD2DQyFlFdnPne4rGdgPo0R19T+ulGah4vHCLuM1vcXoaw2moWXSrpkjM7SlSe6j9gw==
  dependencies:
    lodash.clonedeep "^4.5.0"
    lodash.isplainobject "^4.0.6"

string-strip-html@^11.3.1:
  version "11.3.1"
  resolved "https://registry.yarnpkg.com/string-strip-html/-/string-strip-html-11.3.1.tgz#c2b2548d2fd54b747223e5248059f49c8dc12cb4"
  integrity sha512-iqqnV1ZBKV/Ro/Jr5uwY+yDvLyruJk2wSWz+KOloYqB6ASDQyBNwgiz2qPNI440HAWtoFF0gMR3LFqvSue+HGA==
  dependencies:
    html-entities "^2.3.3"
    lodash.isplainobject "^4.0.6"
    lodash.trim "^4.5.1"
    lodash.without "^4.4.0"
    ranges-apply "^6.2.2"
    ranges-push "^6.2.2"
    string-left-right "^5.1.2"

string-trim-spaces-only@^4.1.1:
  version "4.1.1"
  resolved "https://registry.yarnpkg.com/string-trim-spaces-only/-/string-trim-spaces-only-4.1.1.tgz#f1ba6a58a826a43a54532c85a8a81c9eb68cb61e"
  integrity sha512-cAuDSKWkObM+nNteIFQeRaQA7Jk0I79itI8l0+D6AuQ/uVl3uVZCLW+3kXYBNG0DBMJlmk3JUDfUcwEANsPnMA==

tiny-invariant@^1.2.0:
  version "1.2.0"
  resolved "https://registry.yarnpkg.com/tiny-invariant/-/tiny-invariant-1.2.0.tgz#a1141f86b672a9148c72e978a19a73b9b94a15a9"
  integrity sha512-1Uhn/aqw5C6RI4KejVeTg6mIS7IqxnLJ8Mv2tV5rTc0qWobay7pDUz6Wi392Cnc8ak1H0F2cjoRzb2/AW4+Fvg==

turndown@^7.1.1:
  version "7.1.1"
  resolved "https://registry.yarnpkg.com/turndown/-/turndown-7.1.1.tgz#96992f2d9b40a1a03d3ea61ad31b5a5c751ef77f"
  integrity sha512-BEkXaWH7Wh7e9bd2QumhfAXk5g34+6QUmmWx+0q6ThaVOLuLUqsnkq35HQ5SBHSaxjSfSM7US5o4lhJNH7B9MA==
  dependencies:
    domino "^2.1.6"

xml2js@^0.4.23:
  version "0.4.23"
  resolved "https://registry.yarnpkg.com/xml2js/-/xml2js-0.4.23.tgz#a0c69516752421eb2ac758ee4d4ccf58843eac66"
  integrity sha512-ySPiMjM0+pLDftHgXY4By0uswI3SPKLDw/i3UXbnO8M/p28zqexCUoPmQFrYD+/1BzhGJSs2i1ERWKJAtiLrug==
  dependencies:
    sax ">=0.6.0"
    xmlbuilder "~11.0.0"

xmlbuilder@~11.0.0:
  version "11.0.1"
  resolved "https://registry.yarnpkg.com/xmlbuilder/-/xmlbuilder-11.0.1.tgz#be9bae1c8a046e76b31127726347d0ad7002beb3"
  integrity sha512-fDlsI/kFEx7gLvbecc0/ohLG50fugQp8ryHzMTuW9vSa1GJ0XYWKnhsUx7oie3G98+r56aTQIUB4kht42R3JvA==
