# THIS IS AN AUTOGENERATED FILE. DO NOT EDIT THIS FILE DIRECTLY.
# yarn lockfile v1


boolbase@^1.0.0:
  version "1.0.0"
  resolved "https://registry.yarnpkg.com/boolbase/-/boolbase-1.0.0.tgz#68dff5fbe60c51eb37725ea9e3ed310dcc1e776e"
  integrity sha512-JZOSA7Mo9sNGB8+UjSgzdLtokWAky1zbztM3WRLCbZ70/3cTANmQmOdR7y2g+J0e2WXywy1yS468tY+IruqEww==

css-select@^4.2.1:
  version "4.3.0"
  resolved "https://registry.yarnpkg.com/css-select/-/css-select-4.3.0.tgz#db7129b2846662fd8628cfc496abb2b59e41529b"
  integrity sha512-wPpOYtnsVontu2mODhA19JrqWxNsfdatRKd64kmpRbQgh1KtItko5sTnEpPdpSaJszTOhEMlF/RPz28qj4HqhQ==
  dependencies:
    boolbase "^1.0.0"
    css-what "^6.0.1"
    domhandler "^4.3.1"
    domutils "^2.8.0"
    nth-check "^2.0.1"

css-what@^6.0.1:
  version "6.1.0"
  resolved "https://registry.yarnpkg.com/css-what/-/css-what-6.1.0.tgz#fb5effcf76f1ddea2c81bdfaa4de44e79bac70f4"
  integrity sha512-HTUrgRJ7r4dsZKU6GjmpfRK1O76h97Z8MfS1G0FozR+oF2kG6Vfe8JE6zwrkbxigziPHinCJ+gCPjA9EaBDtRw==

dom-serializer@^1.0.1:
  version "1.4.1"
  resolved "https://registry.yarnpkg.com/dom-serializer/-/dom-serializer-1.4.1.tgz#de5d41b1aea290215dc45a6dae8adcf1d32e2d30"
  integrity sha512-VHwB3KfrcOOkelEG2ZOfxqLZdfkil8PtJi4P8N2MMXucZq2yLp75ClViUlOVwyoHEDjYU433Aq+5zWP61+RGag==
  dependencies:
    domelementtype "^2.0.1"
    domhandler "^4.2.0"
    entities "^2.0.0"

domelementtype@^2.0.1, domelementtype@^2.2.0:
  version "2.3.0"
  resolved "https://registry.yarnpkg.com/domelementtype/-/domelementtype-2.3.0.tgz#5c45e8e869952626331d7aab326d01daf65d589d"
  integrity sha512-OLETBj6w0OsagBwdXnPdN0cnMfF9opN69co+7ZrbfPGrdpPVNBUj02spi6B1N7wChLQiPn4CSH/zJvXw56gmHw==

domhandler@^4.2.0, domhandler@^4.3.1:
  version "4.3.1"
  resolved "https://registry.yarnpkg.com/domhandler/-/domhandler-4.3.1.tgz#8d792033416f59d68bc03a5aa7b018c1ca89279c"
  integrity sha512-GrwoxYN+uWlzO8uhUXRl0P+kHE4GtVPfYzVLcUxPL7KNdHKj66vvlhiweIHqYYXWlw+T8iLMp42Lm67ghw4WMQ==
  dependencies:
    domelementtype "^2.2.0"

domutils@^2.8.0:
  version "2.8.0"
  resolved "https://registry.yarnpkg.com/domutils/-/domutils-2.8.0.tgz#4437def5db6e2d1f5d6ee859bd95ca7d02048135"
  integrity sha512-w96Cjofp72M5IIhpjgobBimYEfoPjx1Vx0BSX9P30WBdZW2WIKU0T1Bd0kz2eNZ9ikjKgHbEyKx8BB6H1L3h3A==
  dependencies:
    dom-serializer "^1.0.1"
    domelementtype "^2.2.0"
    domhandler "^4.2.0"

entities@^2.0.0:
  version "2.2.0"
  resolved "https://registry.yarnpkg.com/entities/-/entities-2.2.0.tgz#098dc90ebb83d8dffa089d55256b351d34c4da55"
  integrity sha512-p92if5Nz619I0w+akJrLZH0MX0Pb5DX39XOwQTtXSdQQOaYH03S1uIQp4mhOZtAXrxq4ViO67YTiLBo2638o9A==

he@1.2.0:
  version "1.2.0"
  resolved "https://registry.yarnpkg.com/he/-/he-1.2.0.tgz#84ae65fa7eafb165fddb61566ae14baf05664f0f"
  integrity sha512-F/1DnUGPopORZi0ni+CvrCgHQ5FyEAHRLSApuYWMmrbSwoN2Mn/7k+Gl38gJnR7yyDZk6WLXwiGod1JOWNDKGw==

html-entities@^2.3.3:
  version "2.3.3"
  resolved "https://registry.yarnpkg.com/html-entities/-/html-entities-2.3.3.tgz#117d7626bece327fc8baace8868fa6f5ef856e46"
  integrity sha512-DV5Ln36z34NNTDgnz0EWGBLZENelNAtkiFA4kyNOG2tDI6Mz1uSWiq1wAKdyjnJwyDiDO7Fa2SO1CTxPXL8VxA==

just-clone@^6.1.1:
  version "6.1.1"
  resolved "https://registry.yarnpkg.com/just-clone/-/just-clone-6.1.1.tgz#05a67155558c6517362db424303bb76f4f7f23df"
  integrity sha512-V24KLIid8uaG7ayOymGfheNHtxgrbpzj1UznQnF9vQZMHlKGTSLT3WWmFx62OXSQPwk1Tn+uo+H5/Xhb4bL9pA==

lodash.clonedeep@^4.5.0:
  version "4.5.0"
  resolved "https://registry.yarnpkg.com/lodash.clonedeep/-/lodash.clonedeep-4.5.0.tgz#e23f3f9c4f8fbdde872529c1071857a086e5ccef"
  integrity sha512-H5ZhCF25riFd9uB5UCkVKo61m3S/xZk1x4wA6yp/L3RFP6Z/eHH1ymQcGLo7J3GMPfm0V/7m1tryHuGVxpqEBQ==

lodash.isplainobject@^4.0.6:
  version "4.0.6"
  resolved "https://registry.yarnpkg.com/lodash.isplainobject/-/lodash.isplainobject-4.0.6.tgz#7c526a52d89b45c45cc690b88163be0497f550cb"
  integrity sha512-oSXzaWypCMHkPC3NvBEaPHf0KsA5mvPrOPgQWDsbg8n7orZ290M0BmC/jgRZ4vcJ6DTAhjrsSYgdsW/F+MFOBA==

lodash.trim@^4.5.1:
  version "4.5.1"
  resolved "https://registry.yarnpkg.com/lodash.trim/-/lodash.trim-4.5.1.tgz#36425e7ee90be4aa5e27bcebb85b7d11ea47aa57"
  integrity sha512-nJAlRl/K+eiOehWKDzoBVrSMhK0K3A3YQsUNXHQa5yIrKBAhsZgSu3KoAFoFT+mEgiyBHddZ0pRk1ITpIp90Wg==

lodash.without@^4.4.0:
  version "4.4.0"
  resolved "https://registry.yarnpkg.com/lodash.without/-/lodash.without-4.4.0.tgz#3cd4574a00b67bae373a94b748772640507b7aac"
  integrity sha512-M3MefBwfDhgKgINVuBJCO1YR3+gf6s9HNJsIiZ/Ru77Ws6uTb9eBuvrkpzO+9iLoAaRodGuq7tyrPCx+74QYGQ==

node-html-markdown@^1.2.0:
  version "1.2.0"
  resolved "https://registry.yarnpkg.com/node-html-markdown/-/node-html-markdown-1.2.0.tgz#7c91d6f6d75ea55565e462f99d59801be2a6026e"
  integrity sha512-mGA53bSqo7j62PjmMuFPdO0efNT9pqiGYhQTNVCWkY7PdduRIECJF7n7NOrr5cb+d/js1GdYRLpoTYDwawRk6A==
  dependencies:
    node-html-parser "^5.3.3"

node-html-parser@^5.3.3:
  version "5.4.2"
  resolved "https://registry.yarnpkg.com/node-html-parser/-/node-html-parser-5.4.2.tgz#93e004038c17af80226c942336990a0eaed8136a"
  integrity sha512-RaBPP3+51hPne/OolXxcz89iYvQvKOydaqoePpOgXcrOKZhjVIzmpKZz+Hd/RBO2/zN2q6CNJhQzucVz+u3Jyw==
  dependencies:
    css-select "^4.2.1"
    he "1.2.0"

nth-check@^2.0.1:
  version "2.1.1"
  resolved "https://registry.yarnpkg.com/nth-check/-/nth-check-2.1.1.tgz#c9eab428effce36cd6b92c924bdb000ef1f1ed1d"
  integrity sha512-lqjrjmaOoAnWfMmBPL+XNnynZh2+swxiX3WUE0s4yEHI6m+AwrK2UZOimIRl3X/4QctVqS8AiZjFqyOGrMXb/w==
  dependencies:
    boolbase "^1.0.0"

pdf-to-text@^0.0.7:
  version "0.0.7"
  resolved "https://registry.yarnpkg.com/pdf-to-text/-/pdf-to-text-0.0.7.tgz#d1cd75b6a9f3782a14bcdf9fe6bc02f74cd7ecd3"
  integrity sha512-NHWB7u/9q+SZ28UtEgJYljamp61j06oldHdvGik1729pzRFLCO4igbZwm0MOUWoIQUz4nla3n+cf3Jh7uiOZwQ==

prettier@^2.8.8:
  version "2.8.8"
  resolved "https://registry.yarnpkg.com/prettier/-/prettier-2.8.8.tgz#e8c5d7e98a4305ffe3de2e1fc4aca1a71c28b1da"
  integrity sha512-tdN8qQGvNjw4CHbY+XXk0JgCXn9QiF21a55rBe5LJAU+kDyC4WQn4+awm2Xfk2lQMk5fKup9XgzTZtGkjBdP9Q==

ranges-apply@^6.2.2:
  version "6.2.2"
  resolved "https://registry.yarnpkg.com/ranges-apply/-/ranges-apply-6.2.2.tgz#c0b82774829e8fcd23af22f7e8a3db055aced63a"
  integrity sha512-ISCJw52YLx9m3EjhqlXwVc4pgwSUuMwWkzuYw8WqSExgYHu3ZA/oO6qh3RpPo2E91LiFdmQNF1fEuQUhDISfeQ==
  dependencies:
    ranges-merge "^8.2.2"
    tiny-invariant "^1.2.0"

ranges-merge@^8.2.2:
  version "8.2.2"
  resolved "https://registry.yarnpkg.com/ranges-merge/-/ranges-merge-8.2.2.tgz#96f15e22ac4a60830e09382e270a794b1d9cc1ca"
  integrity sha512-r/+zro+tukevOznmjflo68efwk931rY0FQFVzZjgI5DRA7pT0H+/qM6a0lx++TY/eHICfhlQ/56oGBSbx/8pRA==
  dependencies:
    ranges-push "^6.2.2"
    ranges-sort "^5.1.1"

ranges-push@^6.2.2:
  version "6.2.2"
  resolved "https://registry.yarnpkg.com/ranges-push/-/ranges-push-6.2.2.tgz#c3ecc34f1cb3255973a9e48bd274a06d797e6c70"
  integrity sha512-cFDwZgQMW3SI7bDzl0cpGy9T997/d3VIyxDYZUVlYfY0z7GWqd3Lg4DAiFRnkOHDbAT94jlZVfyJ0HX+sKWnGw==
  dependencies:
    string-collapse-leading-whitespace "^6.1.2"
    string-trim-spaces-only "^4.1.1"

ranges-sort@^5.1.1:
  version "5.1.1"
  resolved "https://registry.yarnpkg.com/ranges-sort/-/ranges-sort-5.1.1.tgz#a09c3b3394c7c687a64be97c2c84c6fd1a0e4533"
  integrity sha512-xFK3wqdolNvZAwotY1m3CzvaWfYpA7ddOXnhuo2pYTNLXDIgW5oF9mnntCvgcmhGsISN6T7XiCJIR/UZVasZ+Q==

sax@>=0.6.0:
  version "1.2.4"
  resolved "https://registry.yarnpkg.com/sax/-/sax-1.2.4.tgz#2816234e2378bddc4e5354fab5caa895df7100d9"
  integrity sha512-NqVDv9TpANUjFm0N8uM5GxL36UgKi9/atZw+x7YFnQ8ckwFGKrl4xX4yWtrey3UJm5nP1kUbnYgLopqWNSRhWw==

string-collapse-leading-whitespace@^6.1.2:
  version "6.1.2"
  resolved "https://registry.yarnpkg.com/string-collapse-leading-whitespace/-/string-collapse-leading-whitespace-6.1.2.tgz#9f0e335fec751b68a7a8bdd53495d3177a02f718"
  integrity sha512-U8QOn9GXAVoERri4K7vqt7D8W6Lijmtsnn+clXLlxJWlA38MVDUjT4dbtR0Qw7FwfmJ6ixpRFC68nMUvstf7gA==

string-left-right@^5.1.2:
  version "5.1.2"
  resolved "https://registry.yarnpkg.com/string-left-right/-/string-left-right-5.1.2.tgz#b67ee2e3a451c2cde9959bbad68d97b18431d8cf"
  integrity sha512-KbrADvIlY+K2VWW8tnTnD2DQyFlFdnPne4rGdgPo0R19T+ulGah4vHCLuM1vcXoaw2moWXSrpkjM7SlSe6j9gw==
  dependencies:
    lodash.clonedeep "^4.5.0"
    lodash.isplainobject "^4.0.6"

string-strip-html@^11.3.1:
  version "11.3.1"
  resolved "https://registry.yarnpkg.com/string-strip-html/-/string-strip-html-11.3.1.tgz#c2b2548d2fd54b747223e5248059f49c8dc12cb4"
  integrity sha512-iqqnV1ZBKV/Ro/Jr5uwY+yDvLyruJk2wSWz+KOloYqB6ASDQyBNwgiz2qPNI440HAWtoFF0gMR3LFqvSue+HGA==
  dependencies:
    html-entities "^2.3.3"
    lodash.isplainobject "^4.0.6"
    lodash.trim "^4.5.1"
    lodash.without "^4.4.0"
    ranges-apply "^6.2.2"
    ranges-push "^6.2.2"
    string-left-right "^5.1.2"

string-trim-spaces-only@^4.1.1:
  version "4.1.1"
  resolved "https://registry.yarnpkg.com/string-trim-spaces-only/-/string-trim-spaces-only-4.1.1.tgz#f1ba6a58a826a43a54532c85a8a81c9eb68cb61e"
  integrity sha512-cAuDSKWkObM+nNteIFQeRaQA7Jk0I79itI8l0+D6AuQ/uVl3uVZCLW+3kXYBNG0DBMJlmk3JUDfUcwEANsPnMA==

tiny-invariant@^1.2.0:
  version "1.2.0"
  resolved "https://registry.yarnpkg.com/tiny-invariant/-/tiny-invariant-1.2.0.tgz#a1141f86b672a9148c72e978a19a73b9b94a15a9"
  integrity sha512-1Uhn/aqw5C6RI4KejVeTg6mIS7IqxnLJ8Mv2tV5rTc0qWobay7pDUz6Wi392Cnc8ak1H0F2cjoRzb2/AW4+Fvg==

uuid@^9.0.0:
  version "9.0.0"
  resolved "https://registry.yarnpkg.com/uuid/-/uuid-9.0.0.tgz#592f550650024a38ceb0c562f2f6aa435761efb5"
  integrity sha512-MXcSTerfPa4uqyzStbRoTgt5XIe3x5+42+q1sDuy3R5MDk66URdLMOZe5aPX/SQd+kuYAh0FdP/pO28IkQyTeg==

xml2js@^0.4.23:
  version "0.4.23"
  resolved "https://registry.yarnpkg.com/xml2js/-/xml2js-0.4.23.tgz#a0c69516752421eb2ac758ee4d4ccf58843eac66"
  integrity sha512-ySPiMjM0+pLDftHgXY4By0uswI3SPKLDw/i3UXbnO8M/p28zqexCUoPmQFrYD+/1BzhGJSs2i1ERWKJAtiLrug==
  dependencies:
    sax ">=0.6.0"
    xmlbuilder "~11.0.0"

xmlbuilder@~11.0.0:
  version "11.0.1"
  resolved "https://registry.yarnpkg.com/xmlbuilder/-/xmlbuilder-11.0.1.tgz#be9bae1c8a046e76b31127726347d0ad7002beb3"
  integrity sha512-fDlsI/kFEx7gLvbecc0/ohLG50fugQp8ryHzMTuW9vSa1GJ0XYWKnhsUx7oie3G98+r56aTQIUB4kht42R3JvA==
